
Microsoft Visual Studio Solution File, Format Version 12.00
# Visual Studio 14
VisualStudioVersion = 14.0.23107.0
MinimumVisualStudioVersion = 10.0.40219.1
Project("{FAE04EC0-301F-11D3-BF4B-00C04F79EFBC}") = "FilmSistemi", "FilmSistemi\FilmSistemi.csproj", "{47578316-D276-4082-AF61-67A60DF5C04B}"
EndProject
Project("{FAE04EC0-301F-11D3-BF4B-00C04F79EFBC}") = "AspNet.Identity.MySQL", "..\..\wamp\www\ekspertiz\Ekspertiz\AspNet.Identity.MySQL\AspNet.Identity.MySQL.csproj", "{26F6ECF9-4369-417B-8CF2-54FA92DF3660}"
EndProject
Global
	GlobalSection(SolutionConfigurationPlatforms) = preSolution
		Debug|Any CPU = Debug|Any CPU
		Release|Any CPU = Release|Any CPU
	EndGlobalSection
	GlobalSection(ProjectConfigurationPlatforms) = postSolution
		{47578316-D276-4082-AF61-67A60DF5C04B}.Debug|Any CPU.ActiveCfg = Debug|Any CPU
		{47578316-D276-4082-AF61-67A60DF5C04B}.Debug|Any CPU.Build.0 = Debug|Any CPU
		{47578316-D276-4082-AF61-67A60DF5C04B}.Release|Any CPU.ActiveCfg = Release|Any CPU
		{47578316-D276-4082-AF61-67A60DF5C04B}.Release|Any CPU.Build.0 = Release|Any CPU
		{26F6ECF9-4369-417B-8CF2-54FA92DF3660}.Debug|Any CPU.ActiveCfg = Debug|Any CPU
		{26F6ECF9-4369-417B-8CF2-54FA92DF3660}.Debug|Any CPU.Build.0 = Debug|Any CPU
		{26F6ECF9-4369-417B-8CF2-54FA92DF3660}.Release|Any CPU.ActiveCfg = Release|Any CPU
		{26F6ECF9-4369-417B-8CF2-54FA92DF3660}.Release|Any CPU.Build.0 = Release|Any CPU
	EndGlobalSection
	GlobalSection(SolutionProperties) = preSolution
		HideSolutionNode = FALSE
	EndGlobalSection
EndGlobal
